
Microsoft Visual Studio Solution File, Format Version 12.00
# Visual Studio Version 16
VisualStudioVersion = 16.0.810.5
MinimumVisualStudioVersion = 10.0.40219.1
Project("{2150E333-8FDC-42A3-9474-1A3956D46DE8}") = "Solution Items", "Solution Items", "{6A23E8E6-6AAE-4051-86CC-BB0664ED865B}"
	ProjectSection(SolutionItems) = preProject
		Index.html = Index.html
		Styles.css = Styles.css
	EndProjectSection
EndProject
Project("{2150E333-8FDC-42A3-9474-1A3956D46DE8}") = "Images", "Images", "{A9904A81-10A8-4D28-9D24-DF8E754228A4}"
	ProjectSection(SolutionItems) = preProject
		supra.jpg = supra.jpg
		Dakiya.jpg = Dakiya.jpg
		Inn at Little Washington.jpg = Inn at Little Washington.jpg
		little-serow-bar-restaurant-dc.jpg = little-serow-bar-restaurant-dc.jpg
		maydan.jpg = maydan.jpg
	EndProjectSection
EndProject
Global
	GlobalSection(SolutionConfigurationPlatforms) = preSolution
	EndGlobalSection
	GlobalSection(ProjectConfigurationPlatforms) = postSolution
	EndGlobalSection
	GlobalSection(SolutionProperties) = preSolution
		HideSolutionNode = FALSE
	EndGlobalSection
	GlobalSection(ExtensibilityGlobals) = postSolution
		SolutionGuid = {CE0AF7BC-7B38-40E1-92EF-9F24634F8FA3}
	EndGlobalSection
	GlobalSection(NestedProjects) = preSolution
		{A9904A81-10A8-4D28-9D24-DF8E754228A4} = {6A23E8E6-6AAE-4051-86CC-BB0664ED865B}
	EndGlobalSection
EndGlobal
